// !$*UTF8*$!
{
	archiveVersion = 1;
	classes = {
	};
	objectVersion = 50;
	objects = {

/* Begin PBXBuildFile section */
		D9E715992589048400EA8FD4 /* AppDelegate.swift in Sources */ = {isa = PBXBuildFile; fileRef = D9E715982589048400EA8FD4 /* AppDelegate.swift */; };
		D9E7159B2589048400EA8FD4 /* ContentView.swift in Sources */ = {isa = PBXBuildFile; fileRef = D9E7159A2589048400EA8FD4 /* ContentView.swift */; };
		D9E7159D2589048400EA8FD4 /* Experience.rcproject in Sources */ = {isa = PBXBuildFile; fileRef = D9E7159C2589048400EA8FD4 /* Experience.rcproject */; };
		D9E7159F2589048500EA8FD4 /* Assets.xcassets in Resources */ = {isa = PBXBuildFile; fileRef = D9E7159E2589048500EA8FD4 /* Assets.xcassets */; };
		D9E715A22589048500EA8FD4 /* Preview Assets.xcassets in Resources */ = {isa = PBXBuildFile; fileRef = D9E715A12589048500EA8FD4 /* Preview Assets.xcassets */; };
		D9E715AD2589048500EA8FD4 /* ar_appTests.swift in Sources */ = {isa = PBXBuildFile; fileRef = D9E715AC2589048500EA8FD4 /* ar_appTests.swift */; };
		D9E715B82589048500EA8FD4 /* ar_appUITests.swift in Sources */ = {isa = PBXBuildFile; fileRef = D9E715B72589048500EA8FD4 /* ar_appUITests.swift */; };
/* End PBXBuildFile section */

/* Begin PBXContainerItemProxy section */
		D9E715A92589048500EA8FD4 /* PBXContainerItemProxy */ = {
			isa = PBXContainerItemProxy;
			containerPortal = D9E7158D2589048400EA8FD4 /* Project object */;
			proxyType = 1;
			remoteGlobalIDString = D9E715942589048400EA8FD4;
			remoteInfo = "ar-app";
		};
		D9E715B42589048500EA8FD4 /* PBXContainerItemProxy */ = {
			isa = PBXContainerItemProxy;
			containerPortal = D9E7158D2589048400EA8FD4 /* Project object */;
			proxyType = 1;
			remoteGlobalIDString = D9E715942589048400EA8FD4;
			remoteInfo = "ar-app";
		};
/* End PBXContainerItemProxy section */

/* Begin PBXFileReference section */
		D9E715952589048400EA8FD4 /* ar-app.app */ = {isa = PBXFileReference; explicitFileType = wrapper.application; includeInIndex = 0; path = "ar-app.app"; sourceTree = BUILT_PRODUCTS_DIR; };
		D9E715982589048400EA8FD4 /* AppDelegate.swift */ = {isa = PBXFileReference; lastKnownFileType = sourcecode.swift; path = AppDelegate.swift; sourceTree = "<group>"; };
		D9E7159A2589048400EA8FD4 /* ContentView.swift */ = {isa = PBXFileReference; lastKnownFileType = sourcecode.swift; path = ContentView.swift; sourceTree = "<group>"; };
		D9E7159C2589048400EA8FD4 /* Experience.rcproject */ = {isa = PBXFileReference; lastKnownFileType = file.rcproject; path = Experience.rcproject; sourceTree = "<group>"; };
		D9E7159E2589048500EA8FD4 /* Assets.xcassets */ = {isa = PBXFileReference; lastKnownFileType = folder.assetcatalog; path = Assets.xcassets; sourceTree = "<group>"; };
		D9E715A12589048500EA8FD4 /* Preview Assets.xcassets */ = {isa = PBXFileReference; lastKnownFileType = folder.assetcatalog; path = "Preview Assets.xcassets"; sourceTree = "<group>"; };
		D9E715A32589048500EA8FD4 /* Info.plist */ = {isa = PBXFileReference; lastKnownFileType = text.plist.xml; path = Info.plist; sourceTree = "<group>"; };
		D9E715A82589048500EA8FD4 /* ar-appTests.xctest */ = {isa = PBXFileReference; explicitFileType = wrapper.cfbundle; includeInIndex = 0; path = "ar-appTests.xctest"; sourceTree = BUILT_PRODUCTS_DIR; };
		D9E715AC2589048500EA8FD4 /* ar_appTests.swift */ = {isa = PBXFileReference; lastKnownFileType = sourcecode.swift; path = ar_appTests.swift; sourceTree = "<group>"; };
		D9E715AE2589048500EA8FD4 /* Info.plist */ = {isa = PBXFileReference; lastKnownFileType = text.plist.xml; path = Info.plist; sourceTree = "<group>"; };
		D9E715B32589048500EA8FD4 /* ar-appUITests.xctest */ = {isa = PBXFileReference; explicitFileType = wrapper.cfbundle; includeInIndex = 0; path = "ar-appUITests.xctest"; sourceTree = BUILT_PRODUCTS_DIR; };
		D9E715B72589048500EA8FD4 /* ar_appUITests.swift */ = {isa = PBXFileReference; lastKnownFileType = sourcecode.swift; path = ar_appUITests.swift; sourceTree = "<group>"; };
		D9E715B92589048500EA8FD4 /* Info.plist */ = {isa = PBXFileReference; lastKnownFileType = text.plist.xml; path = Info.plist; sourceTree = "<group>"; };
/* End PBXFileReference section */

/* Begin PBXFrameworksBuildPhase section */
		D9E715922589048400EA8FD4 /* Frameworks */ = {
			isa = PBXFrameworksBuildPhase;
			buildActionMask = 2147483647;
			files = (
			);
			runOnlyForDeploymentPostprocessing = 0;
		};
		D9E715A52589048500EA8FD4 /* Frameworks */ = {
			isa = PBXFrameworksBuildPhase;
			buildActionMask = 2147483647;
			files = (
			);
			runOnlyForDeploymentPostprocessing = 0;
		};
		D9E715B02589048500EA8FD4 /* Frameworks */ = {
			isa = PBXFrameworksBuildPhase;
			buildActionMask = 2147483647;
			files = (
			);
			runOnlyForDeploymentPostprocessing = 0;
		};
/* End PBXFrameworksBuildPhase section */

/* Begin PBXGroup section */
		D9E7158C2589048400EA8FD4 = {
			isa = PBXGroup;
			children = (
				D9E715972589048400EA8FD4 /* ar-app */,
				D9E715AB2589048500EA8FD4 /* ar-appTests */,
				D9E715B62589048500EA8FD4 /* ar-appUITests */,
				D9E715962589048400EA8FD4 /* Products */,
			);
			sourceTree = "<group>";
		};
		D9E715962589048400EA8FD4 /* Products */ = {
			isa = PBXGroup;
			children = (
				D9E715952589048400EA8FD4 /* ar-app.app */,
				D9E715A82589048500EA8FD4 /* ar-appTests.xctest */,
				D9E715B32589048500EA8FD4 /* ar-appUITests.xctest */,
			);
			name = Products;
			sourceTree = "<group>";
		};
		D9E715972589048400EA8FD4 /* ar-app */ = {
			isa = PBXGroup;
			children = (
				D9E715982589048400EA8FD4 /* AppDelegate.swift */,
				D9E7159A2589048400EA8FD4 /* ContentView.swift */,
				D9E7159C2589048400EA8FD4 /* Experience.rcproject */,
				D9E7159E2589048500EA8FD4 /* Assets.xcassets */,
				D9E715A32589048500EA8FD4 /* Info.plist */,
				D9E715A02589048500EA8FD4 /* Preview Content */,
			);
			path = "ar-app";
			sourceTree = "<group>";
		};
		D9E715A02589048500EA8FD4 /* Preview Content */ = {
			isa = PBXGroup;
			children = (
				D9E715A12589048500EA8FD4 /* Preview Assets.xcassets */,
			);
			path = "Preview Content";
			sourceTree = "<group>";
		};
		D9E715AB2589048500EA8FD4 /* ar-appTests */ = {
			isa = PBXGroup;
			children = (
				D9E715AC2589048500EA8FD4 /* ar_appTests.swift */,
				D9E715AE2589048500EA8FD4 /* Info.plist */,
			);
			path = "ar-appTests";
			sourceTree = "<group>";
		};
		D9E715B62589048500EA8FD4 /* ar-appUITests */ = {
			isa = PBXGroup;
			children = (
				D9E715B72589048500EA8FD4 /* ar_appUITests.swift */,
				D9E715B92589048500EA8FD4 /* Info.plist */,
			);
			path = "ar-appUITests";
			sourceTree = "<group>";
		};
/* End PBXGroup section */

/* Begin PBXNativeTarget section */
		D9E715942589048400EA8FD4 /* ar-app */ = {
			isa = PBXNativeTarget;
			buildConfigurationList = D9E715BC2589048500EA8FD4 /* Build configuration list for PBXNativeTarget "ar-app" */;
			buildPhases = (
				D9E715912589048400EA8FD4 /* Sources */,
				D9E715922589048400EA8FD4 /* Frameworks */,
				D9E715932589048400EA8FD4 /* Resources */,
			);
			buildRules = (
			);
			dependencies = (
			);
			name = "ar-app";
			productName = "ar-app";
			productReference = D9E715952589048400EA8FD4 /* ar-app.app */;
			productType = "com.apple.product-type.application";
		};
		D9E715A72589048500EA8FD4 /* ar-appTests */ = {
			isa = PBXNativeTarget;
			buildConfigurationList = D9E715BF2589048500EA8FD4 /* Build configuration list for PBXNativeTarget "ar-appTests" */;
			buildPhases = (
				D9E715A42589048500EA8FD4 /* Sources */,
				D9E715A52589048500EA8FD4 /* Frameworks */,
				D9E715A62589048500EA8FD4 /* Resources */,
			);
			buildRules = (
			);
			dependencies = (
				D9E715AA2589048500EA8FD4 /* PBXTargetDependency */,
			);
			name = "ar-appTests";
			productName = "ar-appTests";
			productReference = D9E715A82589048500EA8FD4 /* ar-appTests.xctest */;
			productType = "com.apple.product-type.bundle.unit-test";
		};
		D9E715B22589048500EA8FD4 /* ar-appUITests */ = {
			isa = PBXNativeTarget;
			buildConfigurationList = D9E715C22589048500EA8FD4 /* Build configuration list for PBXNativeTarget "ar-appUITests" */;
			buildPhases = (
				D9E715AF2589048500EA8FD4 /* Sources */,
				D9E715B02589048500EA8FD4 /* Frameworks */,
				D9E715B12589048500EA8FD4 /* Resources */,
			);
			buildRules = (
			);
			dependencies = (
				D9E715B52589048500EA8FD4 /* PBXTargetDependency */,
			);
			name = "ar-appUITests";
			productName = "ar-appUITests";
			productReference = D9E715B32589048500EA8FD4 /* ar-appUITests.xctest */;
			productType = "com.apple.product-type.bundle.ui-testing";
		};
/* End PBXNativeTarget section */

/* Begin PBXProject section */
		D9E7158D2589048400EA8FD4 /* Project object */ = {
			isa = PBXProject;
			attributes = {
				LastSwiftUpdateCheck = 1200;
				LastUpgradeCheck = 1200;
				TargetAttributes = {
					D9E715942589048400EA8FD4 = {
						CreatedOnToolsVersion = 12.0.1;
					};
					D9E715A72589048500EA8FD4 = {
						CreatedOnToolsVersion = 12.0.1;
						TestTargetID = D9E715942589048400EA8FD4;
					};
					D9E715B22589048500EA8FD4 = {
						CreatedOnToolsVersion = 12.0.1;
						TestTargetID = D9E715942589048400EA8FD4;
					};
				};
			};
			buildConfigurationList = D9E715902589048400EA8FD4 /* Build configuration list for PBXProject "ar-app" */;
			compatibilityVersion = "Xcode 9.3";
			developmentRegion = en;
			hasScannedForEncodings = 0;
			knownRegions = (
				en,
				Base,
			);
			mainGroup = D9E7158C2589048400EA8FD4;
			productRefGroup = D9E715962589048400EA8FD4 /* Products */;
			projectDirPath = "";
			projectRoot = "";
			targets = (
				D9E715942589048400EA8FD4 /* ar-app */,
				D9E715A72589048500EA8FD4 /* ar-appTests */,
				D9E715B22589048500EA8FD4 /* ar-appUITests */,
			);
		};
/* End PBXProject section */

/* Begin PBXResourcesBuildPhase section */
		D9E715932589048400EA8FD4 /* Resources */ = {
			isa = PBXResourcesBuildPhase;
			buildActionMask = 2147483647;
			files = (
				D9E715A22589048500EA8FD4 /* Preview Assets.xcassets in Resources */,
				D9E7159F2589048500EA8FD4 /* Assets.xcassets in Resources */,
			);
			runOnlyForDeploymentPostprocessing = 0;
		};
		D9E715A62589048500EA8FD4 /* Resources */ = {
			isa = PBXResourcesBuildPhase;
			buildActionMask = 2147483647;
			files = (
			);
			runOnlyForDeploymentPostprocessing = 0;
		};
		D9E715B12589048500EA8FD4 /* Resources */ = {
			isa = PBXResourcesBuildPhase;
			buildActionMask = 2147483647;
			files = (
			);
			runOnlyForDeploymentPostprocessing = 0;
		};
/* End PBXResourcesBuildPhase section */

/* Begin PBXSourcesBuildPhase section */
		D9E715912589048400EA8FD4 /* Sources */ = {
			isa = PBXSourcesBuildPhase;
			buildActionMask = 2147483647;
			files = (
				D9E7159B2589048400EA8FD4 /* ContentView.swift in Sources */,
				D9E715992589048400EA8FD4 /* AppDelegate.swift in Sources */,
				D9E7159D2589048400EA8FD4 /* Experience.rcproject in Sources */,
			);
			runOnlyForDeploymentPostprocessing = 0;
		};
		D9E715A42589048500EA8FD4 /* Sources */ = {
			isa = PBXSourcesBuildPhase;
			buildActionMask = 2147483647;
			files = (
				D9E715AD2589048500EA8FD4 /* ar_appTests.swift in Sources */,
			);
			runOnlyForDeploymentPostprocessing = 0;
		};
		D9E715AF2589048500EA8FD4 /* Sources */ = {
			isa = PBXSourcesBuildPhase;
			buildActionMask = 2147483647;
			files = (
				D9E715B82589048500EA8FD4 /* ar_appUITests.swift in Sources */,
			);
			runOnlyForDeploymentPostprocessing = 0;
		};
/* End PBXSourcesBuildPhase section */

/* Begin PBXTargetDependency section */
		D9E715AA2589048500EA8FD4 /* PBXTargetDependency */ = {
			isa = PBXTargetDependency;
			target = D9E715942589048400EA8FD4 /* ar-app */;
			targetProxy = D9E715A92589048500EA8FD4 /* PBXContainerItemProxy */;
		};
		D9E715B52589048500EA8FD4 /* PBXTargetDependency */ = {
			isa = PBXTargetDependency;
			target = D9E715942589048400EA8FD4 /* ar-app */;
			targetProxy = D9E715B42589048500EA8FD4 /* PBXContainerItemProxy */;
		};
/* End PBXTargetDependency section */

/* Begin XCBuildConfiguration section */
		D9E715BA2589048500EA8FD4 /* Debug */ = {
			isa = XCBuildConfiguration;
			buildSettings = {
				ALWAYS_SEARCH_USER_PATHS = NO;
				CLANG_ANALYZER_NONNULL = YES;
				CLANG_ANALYZER_NUMBER_OBJECT_CONVERSION = YES_AGGRESSIVE;
				CLANG_CXX_LANGUAGE_STANDARD = "gnu++14";
				CLANG_CXX_LIBRARY = "libc++";
				CLANG_ENABLE_MODULES = YES;
				CLANG_ENABLE_OBJC_ARC = YES;
				CLANG_ENABLE_OBJC_WEAK = YES;
				CLANG_WARN_BLOCK_CAPTURE_AUTORELEASING = YES;
				CLANG_WARN_BOOL_CONVERSION = YES;
				CLANG_WARN_COMMA = YES;
				CLANG_WARN_CONSTANT_CONVERSION = YES;
				CLANG_WARN_DEPRECATED_OBJC_IMPLEMENTATIONS = YES;
				CLANG_WARN_DIRECT_OBJC_ISA_USAGE = YES_ERROR;
				CLANG_WARN_DOCUMENTATION_COMMENTS = YES;
				CLANG_WARN_EMPTY_BODY = YES;
				CLANG_WARN_ENUM_CONVERSION = YES;
				CLANG_WARN_INFINITE_RECURSION = YES;
				CLANG_WARN_INT_CONVERSION = YES;
				CLANG_WARN_NON_LITERAL_NULL_CONVERSION = YES;
				CLANG_WARN_OBJC_IMPLICIT_RETAIN_SELF = YES;
				CLANG_WARN_OBJC_LITERAL_CONVERSION = YES;
				CLANG_WARN_OBJC_ROOT_CLASS = YES_ERROR;
				CLANG_WARN_QUOTED_INCLUDE_IN_FRAMEWORK_HEADER = YES;
				CLANG_WARN_RANGE_LOOP_ANALYSIS = YES;
				CLANG_WARN_STRICT_PROTOTYPES = YES;
				CLANG_WARN_SUSPICIOUS_MOVE = YES;
				CLANG_WARN_UNGUARDED_AVAILABILITY = YES_AGGRESSIVE;
				CLANG_WARN_UNREACHABLE_CODE = YES;
				CLANG_WARN__DUPLICATE_METHOD_MATCH = YES;
				COPY_PHASE_STRIP = NO;
				DEBUG_INFORMATION_FORMAT = dwarf;
				ENABLE_STRICT_OBJC_MSGSEND = YES;
				ENABLE_TESTABILITY = YES;
				GCC_C_LANGUAGE_STANDARD = gnu11;
				GCC_DYNAMIC_NO_PIC = NO;
				GCC_NO_COMMON_BLOCKS = YES;
				GCC_OPTIMIZATION_LEVEL = 0;
				GCC_PREPROCESSOR_DEFINITIONS = (
					"DEBUG=1",
					"$(inherited)",
				);
				GCC_WARN_64_TO_32_BIT_CONVERSION = YES;
				GCC_WARN_ABOUT_RETURN_TYPE = YES_ERROR;
				GCC_WARN_UNDECLARED_SELECTOR = YES;
				GCC_WARN_UNINITIALIZED_AUTOS = YES_AGGRESSIVE;
				GCC_WARN_UNUSED_FUNCTION = YES;
				GCC_WARN_UNUSED_VARIABLE = YES;
				IPHONEOS_DEPLOYMENT_TARGET = 14.0;
				MTL_ENABLE_DEBUG_INFO = INCLUDE_SOURCE;
				MTL_FAST_MATH = YES;
				ONLY_ACTIVE_ARCH = YES;
				SDKROOT = iphoneos;
				SWIFT_ACTIVE_COMPILATION_CONDITIONS = DEBUG;
				SWIFT_OPTIMIZATION_LEVEL = "-Onone";
			};
			name = Debug;
		};
		D9E715BB2589048500EA8FD4 /* Release */ = {
			isa = XCBuildConfiguration;
			buildSettings = {
				ALWAYS_SEARCH_USER_PATHS = NO;
				CLANG_ANALYZER_NONNULL = YES;
				CLANG_ANALYZER_NUMBER_OBJECT_CONVERSION = YES_AGGRESSIVE;
				CLANG_CXX_LANGUAGE_STANDARD = "gnu++14";
				CLANG_CXX_LIBRARY = "libc++";
				CLANG_ENABLE_MODULES = YES;
				CLANG_ENABLE_OBJC_ARC = YES;
				CLANG_ENABLE_OBJC_WEAK = YES;
				CLANG_WARN_BLOCK_CAPTURE_AUTORELEASING = YES;
				CLANG_WARN_BOOL_CONVERSION = YES;
				CLANG_WARN_COMMA = YES;
				CLANG_WARN_CONSTANT_CONVERSION = YES;
				CLANG_WARN_DEPRECATED_OBJC_IMPLEMENTATIONS = YES;
				CLANG_WARN_DIRECT_OBJC_ISA_USAGE = YES_ERROR;
				CLANG_WARN_DOCUMENTATION_COMMENTS = YES;
				CLANG_WARN_EMPTY_BODY = YES;
				CLANG_WARN_ENUM_CONVERSION = YES;
				CLANG_WARN_INFINITE_RECURSION = YES;
				CLANG_WARN_INT_CONVERSION = YES;
				CLANG_WARN_NON_LITERAL_NULL_CONVERSION = YES;
				CLANG_WARN_OBJC_IMPLICIT_RETAIN_SELF = YES;
				CLANG_WARN_OBJC_LITERAL_CONVERSION = YES;
				CLANG_WARN_OBJC_ROOT_CLASS = YES_ERROR;
				CLANG_WARN_QUOTED_INCLUDE_IN_FRAMEWORK_HEADER = YES;
				CLANG_WARN_RANGE_LOOP_ANALYSIS = YES;
				CLANG_WARN_STRICT_PROTOTYPES = YES;
				CLANG_WARN_SUSPICIOUS_MOVE = YES;
				CLANG_WARN_UNGUARDED_AVAILABILITY = YES_AGGRESSIVE;
				CLANG_WARN_UNREACHABLE_CODE = YES;
				CLANG_WARN__DUPLICATE_METHOD_MATCH = YES;
				COPY_PHASE_STRIP = NO;
				DEBUG_INFORMATION_FORMAT = "dwarf-with-dsym";
				ENABLE_NS_ASSERTIONS = NO;
				ENABLE_STRICT_OBJC_MSGSEND = YES;
				GCC_C_LANGUAGE_STANDARD = gnu11;
				GCC_NO_COMMON_BLOCKS = YES;
				GCC_WARN_64_TO_32_BIT_CONVERSION = YES;
				GCC_WARN_ABOUT_RETURN_TYPE = YES_ERROR;
				GCC_WARN_UNDECLARED_SELECTOR = YES;
				GCC_WARN_UNINITIALIZED_AUTOS = YES_AGGRESSIVE;
				GCC_WARN_UNUSED_FUNCTION = YES;
				GCC_WARN_UNUSED_VARIABLE = YES;
				IPHONEOS_DEPLOYMENT_TARGET = 14.0;
				MTL_ENABLE_DEBUG_INFO = NO;
				MTL_FAST_MATH = YES;
				SDKROOT = iphoneos;
				SWIFT_COMPILATION_MODE = wholemodule;
				SWIFT_OPTIMIZATION_LEVEL = "-O";
				VALIDATE_PRODUCT = YES;
			};
			name = Release;
		};
		D9E715BD2589048500EA8FD4 /* Debug */ = {
			isa = XCBuildConfiguration;
			buildSettings = {
				ASSETCATALOG_COMPILER_APPICON_NAME = AppIcon;
				ASSETCATALOG_COMPILER_GLOBAL_ACCENT_COLOR_NAME = AccentColor;
				CODE_SIGN_STYLE = Automatic;
				DEVELOPMENT_ASSET_PATHS = "\"ar-app/Preview Content\"";
				ENABLE_PREVIEWS = YES;
				INFOPLIST_FILE = "ar-app/Info.plist";
				LD_RUNPATH_SEARCH_PATHS = (
					"$(inherited)",
					"@executable_path/Frameworks",
				);
				PRODUCT_BUNDLE_IDENTIFIER = "com.mycompany.ar-app";
				PRODUCT_NAME = "$(TARGET_NAME)";
				SWIFT_VERSION = 5.0;
				TARGETED_DEVICE_FAMILY = "1,2";
			};
			name = Debug;
		};
		D9E715BE2589048500EA8FD4 /* Release */ = {
			isa = XCBuildConfiguration;
			buildSettings = {
				ASSETCATALOG_COMPILER_APPICON_NAME = AppIcon;
				ASSETCATALOG_COMPILER_GLOBAL_ACCENT_COLOR_NAME = AccentColor;
				CODE_SIGN_STYLE = Automatic;
				DEVELOPMENT_ASSET_PATHS = "\"ar-app/Preview Content\"";
				ENABLE_PREVIEWS = YES;
				INFOPLIST_FILE = "ar-app/Info.plist";
				LD_RUNPATH_SEARCH_PATHS = (
					"$(inherited)",
					"@executable_path/Frameworks",
				);
				PRODUCT_BUNDLE_IDENTIFIER = "com.mycompany.ar-app";
				PRODUCT_NAME = "$(TARGET_NAME)";
				SWIFT_VERSION = 5.0;
				TARGETED_DEVICE_FAMILY = "1,2";
			};
			name = Release;
		};
		D9E715C02589048500EA8FD4 /* Debug */ = {
			isa = XCBuildConfiguration;
			buildSettings = {
				ALWAYS_EMBED_SWIFT_STANDARD_LIBRARIES = YES;
				BUNDLE_LOADER = "$(TEST_HOST)";
				CODE_SIGN_STYLE = Automatic;
				INFOPLIST_FILE = "ar-appTests/Info.plist";
				IPHONEOS_DEPLOYMENT_TARGET = 14.0;
				LD_RUNPATH_SEARCH_PATHS = (
					"$(inherited)",
					"@executable_path/Frameworks",
					"@loader_path/Frameworks",
				);
				PRODUCT_BUNDLE_IDENTIFIER = "com.mycompany.ar-appTests";
				PRODUCT_NAME = "$(TARGET_NAME)";
				SWIFT_VERSION = 5.0;
				TARGETED_DEVICE_FAMILY = "1,2";
				TEST_HOST = "$(BUILT_PRODUCTS_DIR)/ar-app.app/ar-app";
			};
			name = Debug;
		};
		D9E715C12589048500EA8FD4 /* Release */ = {
			isa = XCBuildConfiguration;
			buildSettings = {
				ALWAYS_EMBED_SWIFT_STANDARD_LIBRARIES = YES;
				BUNDLE_LOADER = "$(TEST_HOST)";
				CODE_SIGN_STYLE = Automatic;
				INFOPLIST_FILE = "ar-appTests/Info.plist";
				IPHONEOS_DEPLOYMENT_TARGET = 14.0;
				LD_RUNPATH_SEARCH_PATHS = (
					"$(inherited)",
					"@executable_path/Frameworks",
					"@loader_path/Frameworks",
				);
				PRODUCT_BUNDLE_IDENTIFIER = "com.mycompany.ar-appTests";
				PRODUCT_NAME = "$(TARGET_NAME)";
				SWIFT_VERSION = 5.0;
				TARGETED_DEVICE_FAMILY = "1,2";
				TEST_HOST = "$(BUILT_PRODUCTS_DIR)/ar-app.app/ar-app";
			};
			name = Release;
		};
		D9E715C32589048500EA8FD4 /* Debug */ = {
			isa = XCBuildConfiguration;
			buildSettings = {
				ALWAYS_EMBED_SWIFT_STANDARD_LIBRARIES = YES;
				CODE_SIGN_STYLE = Automatic;
				INFOPLIST_FILE = "ar-appUITests/Info.plist";
				LD_RUNPATH_SEARCH_PATHS = (
					"$(inherited)",
					"@executable_path/Frameworks",
					"@loader_path/Frameworks",
				);
				PRODUCT_BUNDLE_IDENTIFIER = "com.mycompany.ar-appUITests";
				PRODUCT_NAME = "$(TARGET_NAME)";
				SWIFT_VERSION = 5.0;
				TARGETED_DEVICE_FAMILY = "1,2";
				TEST_TARGET_NAME = "ar-app";
			};
			name = Debug;
		};
		D9E715C42589048500EA8FD4 /* Release */ = {
			isa = XCBuildConfiguration;
			buildSettings = {
				ALWAYS_EMBED_SWIFT_STANDARD_LIBRARIES = YES;
				CODE_SIGN_STYLE = Automatic;
				INFOPLIST_FILE = "ar-appUITests/Info.plist";
				LD_RUNPATH_SEARCH_PATHS = (
					"$(inherited)",
					"@executable_path/Frameworks",
					"@loader_path/Frameworks",
				);
				PRODUCT_BUNDLE_IDENTIFIER = "com.mycompany.ar-appUITests";
				PRODUCT_NAME = "$(TARGET_NAME)";
				SWIFT_VERSION = 5.0;
				TARGETED_DEVICE_FAMILY = "1,2";
				TEST_TARGET_NAME = "ar-app";
			};
			name = Release;
		};
/* End XCBuildConfiguration section */

/* Begin XCConfigurationList section */
		D9E715902589048400EA8FD4 /* Build configuration list for PBXProject "ar-app" */ = {
			isa = XCConfigurationList;
			buildConfigurations = (
				D9E715BA2589048500EA8FD4 /* Debug */,
				D9E715BB2589048500EA8FD4 /* Release */,
			);
			defaultConfigurationIsVisible = 0;
			defaultConfigurationName = Release;
		};
		D9E715BC2589048500EA8FD4 /* Build configuration list for PBXNativeTarget "ar-app" */ = {
			isa = XCConfigurationList;
			buildConfigurations = (
				D9E715BD2589048500EA8FD4 /* Debug */,
				D9E715BE2589048500EA8FD4 /* Release */,
			);
			defaultConfigurationIsVisible = 0;
			defaultConfigurationName = Release;
		};
		D9E715BF2589048500EA8FD4 /* Build configuration list for PBXNativeTarget "ar-appTests" */ = {
			isa = XCConfigurationList;
			buildConfigurations = (
				D9E715C02589048500EA8FD4 /* Debug */,
				D9E715C12589048500EA8FD4 /* Release */,
			);
			defaultConfigurationIsVisible = 0;
			defaultConfigurationName = Release;
		};
		D9E715C22589048500EA8FD4 /* Build configuration list for PBXNativeTarget "ar-appUITests" */ = {
			isa = XCConfigurationList;
			buildConfigurations = (
				D9E715C32589048500EA8FD4 /* Debug */,
				D9E715C42589048500EA8FD4 /* Release */,
			);
			defaultConfigurationIsVisible = 0;
			defaultConfigurationName = Release;
		};
/* End XCConfigurationList section */
	};
	rootObject = D9E7158D2589048400EA8FD4 /* Project object */;
}
